
Microsoft Visual Studio Solution File, Format Version 12.00
# Visual Studio Version 17
VisualStudioVersion = 17.6.33829.357
MinimumVisualStudioVersion = 10.0.40219.1
Project("{FAE04EC0-301F-11D3-BF4B-00C04F79EFBC}") = "MvcKutuphane", "MvcKutuphane\MvcKutuphane.csproj", "{0D2FE02E-E13E-4BB4-A217-178929BA3456}"
EndProject
Global
	GlobalSection(SolutionConfigurationPlatforms) = preSolution
		Debug|Any CPU = Debug|Any CPU
		Release|Any CPU = Release|Any CPU
	EndGlobalSection
	GlobalSection(ProjectConfigurationPlatforms) = postSolution
		{0D2FE02E-E13E-4BB4-A217-178929BA3456}.Debug|Any CPU.ActiveCfg = Debug|Any CPU
		{0D2FE02E-E13E-4BB4-A217-178929BA3456}.Debug|Any CPU.Build.0 = Debug|Any CPU
		{0D2FE02E-E13E-4BB4-A217-178929BA3456}.Release|Any CPU.ActiveCfg = Release|Any CPU
		{0D2FE02E-E13E-4BB4-A217-178929BA3456}.Release|Any CPU.Build.0 = Release|Any CPU
	EndGlobalSection
	GlobalSection(SolutionProperties) = preSolution
		HideSolutionNode = FALSE
	EndGlobalSection
	GlobalSection(ExtensibilityGlobals) = postSolution
		SolutionGuid = {7DD9C801-5A68-48D3-B430-39858FA78BA5}
	EndGlobalSection
EndGlobal
